
Microsoft Visual Studio Solution File, Format Version 12.00
# Visual Studio Version 17
VisualStudioVersion = 17.0.31903.59
MinimumVisualStudioVersion = 10.0.40219.1
Project("{2150E333-8FDC-42A3-9474-1A3956D46DE8}") = "src", "src", "{827E0CD3-B72D-47B6-A68D-7590B98EB39B}"
EndProject
Project("{FAE04EC0-301F-11D3-BF4B-00C04F79EFBC}") = "FinCore.SharedKernel", "src\FinCore.SharedKernel\FinCore.SharedKernel.csproj", "{CB449592-22CA-4704-BC37-F4D4DD04C356}"
EndProject
Project("{FAE04EC0-301F-11D3-BF4B-00C04F79EFBC}") = "FinCore.Core", "src\FinCore.Core\FinCore.Core.csproj", "{C3BC61FF-3A34-49D5-9713-9B2E513D724E}"
EndProject
Project("{FAE04EC0-301F-11D3-BF4B-00C04F79EFBC}") = "FinCore.Application", "src\FinCore.Application\FinCore.Application.csproj", "{41F79142-7068-4F69-9B12-999F123CCB6B}"
EndProject
Project("{FAE04EC0-301F-11D3-BF4B-00C04F79EFBC}") = "FinCore.DB", "src\FinCore.DB\FinCore.DB.csproj", "{E072075C-9F1F-4AE1-AEC5-9B037425D06C}"
EndProject
Project("{FAE04EC0-301F-11D3-BF4B-00C04F79EFBC}") = "FinCore.Infrastructure", "src\FinCore.Infrastructure\FinCore.Infrastructure.csproj", "{DD1BB8CC-66D4-4DB1-BA28-1BDB72F4A98B}"
EndProject
Project("{FAE04EC0-301F-11D3-BF4B-00C04F79EFBC}") = "FinCore.Web", "src\FinCore.Web\FinCore.Web.csproj", "{70389783-83E4-4B9E-9C18-BE5709D9BAFD}"
EndProject
Project("{2150E333-8FDC-42A3-9474-1A3956D46DE8}") = "tests", "tests", "{0AB3BF05-4346-4AA6-1389-037BE0695223}"
EndProject
Project("{FAE04EC0-301F-11D3-BF4B-00C04F79EFBC}") = "FinCore.UnitTests", "tests\FinCore.UnitTests\FinCore.UnitTests.csproj", "{22B495CC-6E9A-49A9-AC40-2EE990536BDC}"
EndProject
Project("{FAE04EC0-301F-11D3-BF4B-00C04F79EFBC}") = "FinCore.IntegrationTests", "tests\FinCore.IntegrationTests\FinCore.IntegrationTests.csproj", "{8C1F5898-AFA7-4D67-87D0-8A17413A824B}"
EndProject
Global
	GlobalSection(SolutionConfigurationPlatforms) = preSolution
		Debug|Any CPU = Debug|Any CPU
		Debug|x64 = Debug|x64
		Debug|x86 = Debug|x86
		Release|Any CPU = Release|Any CPU
		Release|x64 = Release|x64
		Release|x86 = Release|x86
	EndGlobalSection
	GlobalSection(ProjectConfigurationPlatforms) = postSolution
		{CB449592-22CA-4704-BC37-F4D4DD04C356}.Debug|Any CPU.ActiveCfg = Debug|Any CPU
		{CB449592-22CA-4704-BC37-F4D4DD04C356}.Debug|Any CPU.Build.0 = Debug|Any CPU
		{CB449592-22CA-4704-BC37-F4D4DD04C356}.Debug|x64.ActiveCfg = Debug|Any CPU
		{CB449592-22CA-4704-BC37-F4D4DD04C356}.Debug|x64.Build.0 = Debug|Any CPU
		{CB449592-22CA-4704-BC37-F4D4DD04C356}.Debug|x86.ActiveCfg = Debug|Any CPU
		{CB449592-22CA-4704-BC37-F4D4DD04C356}.Debug|x86.Build.0 = Debug|Any CPU
		{CB449592-22CA-4704-BC37-F4D4DD04C356}.Release|Any CPU.ActiveCfg = Release|Any CPU
		{CB449592-22CA-4704-BC37-F4D4DD04C356}.Release|Any CPU.Build.0 = Release|Any CPU
		{CB449592-22CA-4704-BC37-F4D4DD04C356}.Release|x64.ActiveCfg = Release|Any CPU
		{CB449592-22CA-4704-BC37-F4D4DD04C356}.Release|x64.Build.0 = Release|Any CPU
		{CB449592-22CA-4704-BC37-F4D4DD04C356}.Release|x86.ActiveCfg = Release|Any CPU
		{CB449592-22CA-4704-BC37-F4D4DD04C356}.Release|x86.Build.0 = Release|Any CPU
		{C3BC61FF-3A34-49D5-9713-9B2E513D724E}.Debug|Any CPU.ActiveCfg = Debug|Any CPU
		{C3BC61FF-3A34-49D5-9713-9B2E513D724E}.Debug|Any CPU.Build.0 = Debug|Any CPU
		{C3BC61FF-3A34-49D5-9713-9B2E513D724E}.Debug|x64.ActiveCfg = Debug|Any CPU
		{C3BC61FF-3A34-49D5-9713-9B2E513D724E}.Debug|x64.Build.0 = Debug|Any CPU
		{C3BC61FF-3A34-49D5-9713-9B2E513D724E}.Debug|x86.ActiveCfg = Debug|Any CPU
		{C3BC61FF-3A34-49D5-9713-9B2E513D724E}.Debug|x86.Build.0 = Debug|Any CPU
		{C3BC61FF-3A34-49D5-9713-9B2E513D724E}.Release|Any CPU.ActiveCfg = Release|Any CPU
		{C3BC61FF-3A34-49D5-9713-9B2E513D724E}.Release|Any CPU.Build.0 = Release|Any CPU
		{C3BC61FF-3A34-49D5-9713-9B2E513D724E}.Release|x64.ActiveCfg = Release|Any CPU
		{C3BC61FF-3A34-49D5-9713-9B2E513D724E}.Release|x64.Build.0 = Release|Any CPU
		{C3BC61FF-3A34-49D5-9713-9B2E513D724E}.Release|x86.ActiveCfg = Release|Any CPU
		{C3BC61FF-3A34-49D5-9713-9B2E513D724E}.Release|x86.Build.0 = Release|Any CPU
		{41F79142-7068-4F69-9B12-999F123CCB6B}.Debug|Any CPU.ActiveCfg = Debug|Any CPU
		{41F79142-7068-4F69-9B12-999F123CCB6B}.Debug|Any CPU.Build.0 = Debug|Any CPU
		{41F79142-7068-4F69-9B12-999F123CCB6B}.Debug|x64.ActiveCfg = Debug|Any CPU
		{41F79142-7068-4F69-9B12-999F123CCB6B}.Debug|x64.Build.0 = Debug|Any CPU
		{41F79142-7068-4F69-9B12-999F123CCB6B}.Debug|x86.ActiveCfg = Debug|Any CPU
		{41F79142-7068-4F69-9B12-999F123CCB6B}.Debug|x86.Build.0 = Debug|Any CPU
		{41F79142-7068-4F69-9B12-999F123CCB6B}.Release|Any CPU.ActiveCfg = Release|Any CPU
		{41F79142-7068-4F69-9B12-999F123CCB6B}.Release|Any CPU.Build.0 = Release|Any CPU
		{41F79142-7068-4F69-9B12-999F123CCB6B}.Release|x64.ActiveCfg = Release|Any CPU
		{41F79142-7068-4F69-9B12-999F123CCB6B}.Release|x64.Build.0 = Release|Any CPU
		{41F79142-7068-4F69-9B12-999F123CCB6B}.Release|x86.ActiveCfg = Release|Any CPU
		{41F79142-7068-4F69-9B12-999F123CCB6B}.Release|x86.Build.0 = Release|Any CPU
		{E072075C-9F1F-4AE1-AEC5-9B037425D06C}.Debug|Any CPU.ActiveCfg = Debug|Any CPU
		{E072075C-9F1F-4AE1-AEC5-9B037425D06C}.Debug|Any CPU.Build.0 = Debug|Any CPU
		{E072075C-9F1F-4AE1-AEC5-9B037425D06C}.Debug|x64.ActiveCfg = Debug|Any CPU
		{E072075C-9F1F-4AE1-AEC5-9B037425D06C}.Debug|x64.Build.0 = Debug|Any CPU
		{E072075C-9F1F-4AE1-AEC5-9B037425D06C}.Debug|x86.ActiveCfg = Debug|Any CPU
		{E072075C-9F1F-4AE1-AEC5-9B037425D06C}.Debug|x86.Build.0 = Debug|Any CPU
		{E072075C-9F1F-4AE1-AEC5-9B037425D06C}.Release|Any CPU.ActiveCfg = Release|Any CPU
		{E072075C-9F1F-4AE1-AEC5-9B037425D06C}.Release|Any CPU.Build.0 = Release|Any CPU
		{E072075C-9F1F-4AE1-AEC5-9B037425D06C}.Release|x64.ActiveCfg = Release|Any CPU
		{E072075C-9F1F-4AE1-AEC5-9B037425D06C}.Release|x64.Build.0 = Release|Any CPU
		{E072075C-9F1F-4AE1-AEC5-9B037425D06C}.Release|x86.ActiveCfg = Release|Any CPU
		{E072075C-9F1F-4AE1-AEC5-9B037425D06C}.Release|x86.Build.0 = Release|Any CPU
		{DD1BB8CC-66D4-4DB1-BA28-1BDB72F4A98B}.Debug|Any CPU.ActiveCfg = Debug|Any CPU
		{DD1BB8CC-66D4-4DB1-BA28-1BDB72F4A98B}.Debug|Any CPU.Build.0 = Debug|Any CPU
		{DD1BB8CC-66D4-4DB1-BA28-1BDB72F4A98B}.Debug|x64.ActiveCfg = Debug|Any CPU
		{DD1BB8CC-66D4-4DB1-BA28-1BDB72F4A98B}.Debug|x64.Build.0 = Debug|Any CPU
		{DD1BB8CC-66D4-4DB1-BA28-1BDB72F4A98B}.Debug|x86.ActiveCfg = Debug|Any CPU
		{DD1BB8CC-66D4-4DB1-BA28-1BDB72F4A98B}.Debug|x86.Build.0 = Debug|Any CPU
		{DD1BB8CC-66D4-4DB1-BA28-1BDB72F4A98B}.Release|Any CPU.ActiveCfg = Release|Any CPU
		{DD1BB8CC-66D4-4DB1-BA28-1BDB72F4A98B}.Release|Any CPU.Build.0 = Release|Any CPU
		{DD1BB8CC-66D4-4DB1-BA28-1BDB72F4A98B}.Release|x64.ActiveCfg = Release|Any CPU
		{DD1BB8CC-66D4-4DB1-BA28-1BDB72F4A98B}.Release|x64.Build.0 = Release|Any CPU
		{DD1BB8CC-66D4-4DB1-BA28-1BDB72F4A98B}.Release|x86.ActiveCfg = Release|Any CPU
		{DD1BB8CC-66D4-4DB1-BA28-1BDB72F4A98B}.Release|x86.Build.0 = Release|Any CPU
		{70389783-83E4-4B9E-9C18-BE5709D9BAFD}.Debug|Any CPU.ActiveCfg = Debug|Any CPU
		{70389783-83E4-4B9E-9C18-BE5709D9BAFD}.Debug|Any CPU.Build.0 = Debug|Any CPU
		{70389783-83E4-4B9E-9C18-BE5709D9BAFD}.Debug|x64.ActiveCfg = Debug|Any CPU
		{70389783-83E4-4B9E-9C18-BE5709D9BAFD}.Debug|x64.Build.0 = Debug|Any CPU
		{70389783-83E4-4B9E-9C18-BE5709D9BAFD}.Debug|x86.ActiveCfg = Debug|Any CPU
		{70389783-83E4-4B9E-9C18-BE5709D9BAFD}.Debug|x86.Build.0 = Debug|Any CPU
		{70389783-83E4-4B9E-9C18-BE5709D9BAFD}.Release|Any CPU.ActiveCfg = Release|Any CPU
		{70389783-83E4-4B9E-9C18-BE5709D9BAFD}.Release|Any CPU.Build.0 = Release|Any CPU
		{70389783-83E4-4B9E-9C18-BE5709D9BAFD}.Release|x64.ActiveCfg = Release|Any CPU
		{70389783-83E4-4B9E-9C18-BE5709D9BAFD}.Release|x64.Build.0 = Release|Any CPU
		{70389783-83E4-4B9E-9C18-BE5709D9BAFD}.Release|x86.ActiveCfg = Release|Any CPU
		{70389783-83E4-4B9E-9C18-BE5709D9BAFD}.Release|x86.Build.0 = Release|Any CPU
		{22B495CC-6E9A-49A9-AC40-2EE990536BDC}.Debug|Any CPU.ActiveCfg = Debug|Any CPU
		{22B495CC-6E9A-49A9-AC40-2EE990536BDC}.Debug|Any CPU.Build.0 = Debug|Any CPU
		{22B495CC-6E9A-49A9-AC40-2EE990536BDC}.Debug|x64.ActiveCfg = Debug|Any CPU
		{22B495CC-6E9A-49A9-AC40-2EE990536BDC}.Debug|x64.Build.0 = Debug|Any CPU
		{22B495CC-6E9A-49A9-AC40-2EE990536BDC}.Debug|x86.ActiveCfg = Debug|Any CPU
		{22B495CC-6E9A-49A9-AC40-2EE990536BDC}.Debug|x86.Build.0 = Debug|Any CPU
		{22B495CC-6E9A-49A9-AC40-2EE990536BDC}.Release|Any CPU.ActiveCfg = Release|Any CPU
		{22B495CC-6E9A-49A9-AC40-2EE990536BDC}.Release|Any CPU.Build.0 = Release|Any CPU
		{22B495CC-6E9A-49A9-AC40-2EE990536BDC}.Release|x64.ActiveCfg = Release|Any CPU
		{22B495CC-6E9A-49A9-AC40-2EE990536BDC}.Release|x64.Build.0 = Release|Any CPU
		{22B495CC-6E9A-49A9-AC40-2EE990536BDC}.Release|x86.ActiveCfg = Release|Any CPU
		{22B495CC-6E9A-49A9-AC40-2EE990536BDC}.Release|x86.Build.0 = Release|Any CPU
		{8C1F5898-AFA7-4D67-87D0-8A17413A824B}.Debug|Any CPU.ActiveCfg = Debug|Any CPU
		{8C1F5898-AFA7-4D67-87D0-8A17413A824B}.Debug|Any CPU.Build.0 = Debug|Any CPU
		{8C1F5898-AFA7-4D67-87D0-8A17413A824B}.Debug|x64.ActiveCfg = Debug|Any CPU
		{8C1F5898-AFA7-4D67-87D0-8A17413A824B}.Debug|x64.Build.0 = Debug|Any CPU
		{8C1F5898-AFA7-4D67-87D0-8A17413A824B}.Debug|x86.ActiveCfg = Debug|Any CPU
		{8C1F5898-AFA7-4D67-87D0-8A17413A824B}.Debug|x86.Build.0 = Debug|Any CPU
		{8C1F5898-AFA7-4D67-87D0-8A17413A824B}.Release|Any CPU.ActiveCfg = Release|Any CPU
		{8C1F5898-AFA7-4D67-87D0-8A17413A824B}.Release|Any CPU.Build.0 = Release|Any CPU
		{8C1F5898-AFA7-4D67-87D0-8A17413A824B}.Release|x64.ActiveCfg = Release|Any CPU
		{8C1F5898-AFA7-4D67-87D0-8A17413A824B}.Release|x64.Build.0 = Release|Any CPU
		{8C1F5898-AFA7-4D67-87D0-8A17413A824B}.Release|x86.ActiveCfg = Release|Any CPU
		{8C1F5898-AFA7-4D67-87D0-8A17413A824B}.Release|x86.Build.0 = Release|Any CPU
	EndGlobalSection
	GlobalSection(SolutionProperties) = preSolution
		HideSolutionNode = FALSE
	EndGlobalSection
	GlobalSection(NestedProjects) = preSolution
		{CB449592-22CA-4704-BC37-F4D4DD04C356} = {827E0CD3-B72D-47B6-A68D-7590B98EB39B}
		{C3BC61FF-3A34-49D5-9713-9B2E513D724E} = {827E0CD3-B72D-47B6-A68D-7590B98EB39B}
		{41F79142-7068-4F69-9B12-999F123CCB6B} = {827E0CD3-B72D-47B6-A68D-7590B98EB39B}
		{E072075C-9F1F-4AE1-AEC5-9B037425D06C} = {827E0CD3-B72D-47B6-A68D-7590B98EB39B}
		{DD1BB8CC-66D4-4DB1-BA28-1BDB72F4A98B} = {827E0CD3-B72D-47B6-A68D-7590B98EB39B}
		{70389783-83E4-4B9E-9C18-BE5709D9BAFD} = {827E0CD3-B72D-47B6-A68D-7590B98EB39B}
		{22B495CC-6E9A-49A9-AC40-2EE990536BDC} = {0AB3BF05-4346-4AA6-1389-037BE0695223}
		{8C1F5898-AFA7-4D67-87D0-8A17413A824B} = {0AB3BF05-4346-4AA6-1389-037BE0695223}
	EndGlobalSection
EndGlobal
